// !$*UTF8*$!
{
	archiveVersion = 1;
	classes = {
	};
	objectVersion = 56;
	objects = {

/* Begin PBXBuildFile section */
		03038CE429B47B4F0073169A /* WelcomeViewController.swift in Sources */ = {isa = PBXBuildFile; fileRef = 03038CE329B47B4F0073169A /* WelcomeViewController.swift */; };
		03038CE829B4880C0073169A /* CustomButton.swift in Sources */ = {isa = PBXBuildFile; fileRef = 03038CE729B4880C0073169A /* CustomButton.swift */; };
		03038CEA29B48A260073169A /* UIColor +Extensions.swift in Sources */ = {isa = PBXBuildFile; fileRef = 03038CE929B48A260073169A /* UIColor +Extensions.swift */; };
		03038CED29B48DD90073169A /* ColorGuide.swift in Sources */ = {isa = PBXBuildFile; fileRef = 03038CEC29B48DD90073169A /* ColorGuide.swift */; };
		03038CF129B497540073169A /* TabBarViewController.swift in Sources */ = {isa = PBXBuildFile; fileRef = 03038CF029B497540073169A /* TabBarViewController.swift */; };
		030E1CB72A0B998F0065A312 /* HomeWorkoutPlanCollectionViewCell.swift in Sources */ = {isa = PBXBuildFile; fileRef = 030E1CB62A0B998F0065A312 /* HomeWorkoutPlanCollectionViewCell.swift */; };
		0329B91E29B78F9E00F3BB30 /* UILabel +Extension.swift in Sources */ = {isa = PBXBuildFile; fileRef = 0329B91D29B78F9E00F3BB30 /* UILabel +Extension.swift */; };
		0329B92029B79C4200F3BB30 /* CustomHorizontalBar.swift in Sources */ = {isa = PBXBuildFile; fileRef = 0329B91F29B79C4200F3BB30 /* CustomHorizontalBar.swift */; };
		0329B92429B84F1000F3BB30 /* TargetMuscleCollectionViewCell.swift in Sources */ = {isa = PBXBuildFile; fileRef = 0329B92329B84F1000F3BB30 /* TargetMuscleCollectionViewCell.swift */; };
		032CED4A2A173CE5004C73A3 /* push-ups-demo.mp4 in Resources */ = {isa = PBXBuildFile; fileRef = 032CED492A173CE4004C73A3 /* push-ups-demo.mp4 */; };
		035BF6272A147BF400F9E553 /* Response.swift in Sources */ = {isa = PBXBuildFile; fileRef = 035BF6262A147BF400F9E553 /* Response.swift */; };
		035BF62C2A15132000F9E553 /* WorkoutPlanViewController.swift in Sources */ = {isa = PBXBuildFile; fileRef = 035BF62B2A15132000F9E553 /* WorkoutPlanViewController.swift */; };
		03AC074E29B4B5E50042CD08 /* CustomLabel.swift in Sources */ = {isa = PBXBuildFile; fileRef = 03AC074D29B4B5E50042CD08 /* CustomLabel.swift */; };
		03AC075029B4F8530042CD08 /* CustomImageView.swift in Sources */ = {isa = PBXBuildFile; fileRef = 03AC074F29B4F8530042CD08 /* CustomImageView.swift */; };
		03AC075229B4F9510042CD08 /* UIView +Extension.swift in Sources */ = {isa = PBXBuildFile; fileRef = 03AC075129B4F9510042CD08 /* UIView +Extension.swift */; };
		03AC075429B5125B0042CD08 /* ExerciseDetailViewController.swift in Sources */ = {isa = PBXBuildFile; fileRef = 03AC075329B5125B0042CD08 /* ExerciseDetailViewController.swift */; };
		03B4961729B4599400389F5C /* AppDelegate.swift in Sources */ = {isa = PBXBuildFile; fileRef = 03B4961629B4599400389F5C /* AppDelegate.swift */; };
		03B4961929B4599500389F5C /* SceneDelegate.swift in Sources */ = {isa = PBXBuildFile; fileRef = 03B4961829B4599500389F5C /* SceneDelegate.swift */; };
		03B4962029B45A8F00389F5C /* Assets.xcassets in Resources */ = {isa = PBXBuildFile; fileRef = 03B4961F29B45A8F00389F5C /* Assets.xcassets */; };
		03B4962329B45A8F00389F5C /* LaunchScreen.storyboard in Resources */ = {isa = PBXBuildFile; fileRef = 03B4962129B45A8F00389F5C /* LaunchScreen.storyboard */; };
		03BD65162A1D2ED300B14DA5 /* AuthManager.swift in Sources */ = {isa = PBXBuildFile; fileRef = 03BD65152A1D2ED300B14DA5 /* AuthManager.swift */; };
		03BD65182A1E34E600B14DA5 /* UserDetailDifficultyLevelViewController.swift in Sources */ = {isa = PBXBuildFile; fileRef = 03BD65172A1E34E500B14DA5 /* UserDetailDifficultyLevelViewController.swift */; };
		03CD5A4D2A19D38600769F1F /* UserDetailWeightViewController.swift in Sources */ = {isa = PBXBuildFile; fileRef = 03CD5A4C2A19D38500769F1F /* UserDetailWeightViewController.swift */; };
		03CD5A4F2A19DD5200769F1F /* UserDetailFitnessGoalViewController.swift in Sources */ = {isa = PBXBuildFile; fileRef = 03CD5A4E2A19DD5200769F1F /* UserDetailFitnessGoalViewController.swift */; };
		03CD5A512A19EDE500769F1F /* UserDetailGenderViewController.swift in Sources */ = {isa = PBXBuildFile; fileRef = 03CD5A502A19EDE500769F1F /* UserDetailGenderViewController.swift */; };
		03D7138A2A0937EB00DA9764 /* ExerciseListCollectionViewCell.swift in Sources */ = {isa = PBXBuildFile; fileRef = 03D713892A0937EB00DA9764 /* ExerciseListCollectionViewCell.swift */; };
		03DAC0BA2A0CFF1200901BAD /* Exercise.swift in Sources */ = {isa = PBXBuildFile; fileRef = 03DAC0B92A0CFF1200901BAD /* Exercise.swift */; };
		03DAC0BC2A0D0D8C00901BAD /* EndPoint.swift in Sources */ = {isa = PBXBuildFile; fileRef = 03DAC0BB2A0D0D8C00901BAD /* EndPoint.swift */; };
		03DAC0BE2A0D143C00901BAD /* Request.swift in Sources */ = {isa = PBXBuildFile; fileRef = 03DAC0BD2A0D143C00901BAD /* Request.swift */; };
		03DAC0C02A0D218F00901BAD /* APICaller.swift in Sources */ = {isa = PBXBuildFile; fileRef = 03DAC0BF2A0D218F00901BAD /* APICaller.swift */; };
		03E42E1F2A0E9F430017B514 /* CustomSpinner.swift in Sources */ = {isa = PBXBuildFile; fileRef = 03E42E1E2A0E9F430017B514 /* CustomSpinner.swift */; };
		03EDAC052A065F8B007A2E7E /* HomeExerciseViewController.swift in Sources */ = {isa = PBXBuildFile; fileRef = 03EDAC042A065F8A007A2E7E /* HomeExerciseViewController.swift */; };
		03F0077E2A109E8B00EA1BD4 /* CustomImageButton.swift in Sources */ = {isa = PBXBuildFile; fileRef = 03F0077D2A109E8B00EA1BD4 /* CustomImageButton.swift */; };
		03F007802A10BBE900EA1BD4 /* CustomSheduleViewController.swift in Sources */ = {isa = PBXBuildFile; fileRef = 03F0077F2A10BBE900EA1BD4 /* CustomSheduleViewController.swift */; };
		03F007862A12017900EA1BD4 /* CustomScheduleExerciseTableViewCell.swift in Sources */ = {isa = PBXBuildFile; fileRef = 03F007852A12017900EA1BD4 /* CustomScheduleExerciseTableViewCell.swift */; };
		03FA53352A1834C100FBEFDD /* WorkoutPlanExerciseTableViewCell.swift in Sources */ = {isa = PBXBuildFile; fileRef = 03FA53342A1834C100FBEFDD /* WorkoutPlanExerciseTableViewCell.swift */; };
		03FA53372A18B10F00FBEFDD /* NotificationViewController.swift in Sources */ = {isa = PBXBuildFile; fileRef = 03FA53362A18B10F00FBEFDD /* NotificationViewController.swift */; };
		03FA533A2A18DDD700FBEFDD /* JM-press-demo.mp4 in Resources */ = {isa = PBXBuildFile; fileRef = 03FA53392A18DDD700FBEFDD /* JM-press-demo.mp4 */; };
		03FA533C2A18DDE300FBEFDD /* chest-press-demo.mp4 in Resources */ = {isa = PBXBuildFile; fileRef = 03FA533B2A18DDE300FBEFDD /* chest-press-demo.mp4 */; };
		03FA533E2A18DDF000FBEFDD /* cable-crossover-demo.mp4 in Resources */ = {isa = PBXBuildFile; fileRef = 03FA533D2A18DDEF00FBEFDD /* cable-crossover-demo.mp4 */; };
		03FA53412A190DAA00FBEFDD /* UserDetailHeightViewController.swift in Sources */ = {isa = PBXBuildFile; fileRef = 03FA53402A190DA900FBEFDD /* UserDetailHeightViewController.swift */; };
/* End PBXBuildFile section */

/* Begin PBXFileReference section */
		03038CE329B47B4F0073169A /* WelcomeViewController.swift */ = {isa = PBXFileReference; lastKnownFileType = sourcecode.swift; path = WelcomeViewController.swift; sourceTree = "<group>"; };
		03038CE729B4880C0073169A /* CustomButton.swift */ = {isa = PBXFileReference; lastKnownFileType = sourcecode.swift; path = CustomButton.swift; sourceTree = "<group>"; };
		03038CE929B48A260073169A /* UIColor +Extensions.swift */ = {isa = PBXFileReference; lastKnownFileType = sourcecode.swift; path = "UIColor +Extensions.swift"; sourceTree = "<group>"; };
		03038CEC29B48DD90073169A /* ColorGuide.swift */ = {isa = PBXFileReference; lastKnownFileType = sourcecode.swift; path = ColorGuide.swift; sourceTree = "<group>"; };
		03038CF029B497540073169A /* TabBarViewController.swift */ = {isa = PBXFileReference; lastKnownFileType = sourcecode.swift; path = TabBarViewController.swift; sourceTree = "<group>"; };
		030E1CB62A0B998F0065A312 /* HomeWorkoutPlanCollectionViewCell.swift */ = {isa = PBXFileReference; lastKnownFileType = sourcecode.swift; path = HomeWorkoutPlanCollectionViewCell.swift; sourceTree = "<group>"; };
		0329B91D29B78F9E00F3BB30 /* UILabel +Extension.swift */ = {isa = PBXFileReference; lastKnownFileType = sourcecode.swift; path = "UILabel +Extension.swift"; sourceTree = "<group>"; };
		0329B91F29B79C4200F3BB30 /* CustomHorizontalBar.swift */ = {isa = PBXFileReference; lastKnownFileType = sourcecode.swift; path = CustomHorizontalBar.swift; sourceTree = "<group>"; };
		0329B92329B84F1000F3BB30 /* TargetMuscleCollectionViewCell.swift */ = {isa = PBXFileReference; lastKnownFileType = sourcecode.swift; path = TargetMuscleCollectionViewCell.swift; sourceTree = "<group>"; };
		032CED492A173CE4004C73A3 /* push-ups-demo.mp4 */ = {isa = PBXFileReference; lastKnownFileType = file; path = "push-ups-demo.mp4"; sourceTree = "<group>"; };
		035BF6262A147BF400F9E553 /* Response.swift */ = {isa = PBXFileReference; lastKnownFileType = sourcecode.swift; path = Response.swift; sourceTree = "<group>"; };
		035BF62B2A15132000F9E553 /* WorkoutPlanViewController.swift */ = {isa = PBXFileReference; lastKnownFileType = sourcecode.swift; path = WorkoutPlanViewController.swift; sourceTree = "<group>"; };
		03AC074D29B4B5E50042CD08 /* CustomLabel.swift */ = {isa = PBXFileReference; lastKnownFileType = sourcecode.swift; path = CustomLabel.swift; sourceTree = "<group>"; };
		03AC074F29B4F8530042CD08 /* CustomImageView.swift */ = {isa = PBXFileReference; lastKnownFileType = sourcecode.swift; path = CustomImageView.swift; sourceTree = "<group>"; };
		03AC075129B4F9510042CD08 /* UIView +Extension.swift */ = {isa = PBXFileReference; lastKnownFileType = sourcecode.swift; path = "UIView +Extension.swift"; sourceTree = "<group>"; };
		03AC075329B5125B0042CD08 /* ExerciseDetailViewController.swift */ = {isa = PBXFileReference; lastKnownFileType = sourcecode.swift; path = ExerciseDetailViewController.swift; sourceTree = "<group>"; };
		03B4961329B4599100389F5C /* MyFitness.app */ = {isa = PBXFileReference; explicitFileType = wrapper.application; includeInIndex = 0; path = MyFitness.app; sourceTree = BUILT_PRODUCTS_DIR; };
		03B4961629B4599400389F5C /* AppDelegate.swift */ = {isa = PBXFileReference; lastKnownFileType = sourcecode.swift; path = AppDelegate.swift; sourceTree = "<group>"; };
		03B4961829B4599500389F5C /* SceneDelegate.swift */ = {isa = PBXFileReference; lastKnownFileType = sourcecode.swift; path = SceneDelegate.swift; sourceTree = "<group>"; };
		03B4961F29B45A8F00389F5C /* Assets.xcassets */ = {isa = PBXFileReference; lastKnownFileType = folder.assetcatalog; path = Assets.xcassets; sourceTree = "<group>"; };
		03B4962229B45A8F00389F5C /* Base */ = {isa = PBXFileReference; lastKnownFileType = file.storyboard; name = Base; path = Base.lproj/LaunchScreen.storyboard; sourceTree = "<group>"; };
		03B4962429B45A8F00389F5C /* Info.plist */ = {isa = PBXFileReference; lastKnownFileType = text.plist.xml; path = Info.plist; sourceTree = "<group>"; };
		03BD65152A1D2ED300B14DA5 /* AuthManager.swift */ = {isa = PBXFileReference; lastKnownFileType = sourcecode.swift; path = AuthManager.swift; sourceTree = "<group>"; };
		03BD65172A1E34E500B14DA5 /* UserDetailDifficultyLevelViewController.swift */ = {isa = PBXFileReference; lastKnownFileType = sourcecode.swift; path = UserDetailDifficultyLevelViewController.swift; sourceTree = "<group>"; };
		03CD5A4C2A19D38500769F1F /* UserDetailWeightViewController.swift */ = {isa = PBXFileReference; lastKnownFileType = sourcecode.swift; path = UserDetailWeightViewController.swift; sourceTree = "<group>"; };
		03CD5A4E2A19DD5200769F1F /* UserDetailFitnessGoalViewController.swift */ = {isa = PBXFileReference; lastKnownFileType = sourcecode.swift; path = UserDetailFitnessGoalViewController.swift; sourceTree = "<group>"; };
		03CD5A502A19EDE500769F1F /* UserDetailGenderViewController.swift */ = {isa = PBXFileReference; lastKnownFileType = sourcecode.swift; path = UserDetailGenderViewController.swift; sourceTree = "<group>"; };
		03D713892A0937EB00DA9764 /* ExerciseListCollectionViewCell.swift */ = {isa = PBXFileReference; lastKnownFileType = sourcecode.swift; path = ExerciseListCollectionViewCell.swift; sourceTree = "<group>"; };
		03DAC0B92A0CFF1200901BAD /* Exercise.swift */ = {isa = PBXFileReference; lastKnownFileType = sourcecode.swift; path = Exercise.swift; sourceTree = "<group>"; };
		03DAC0BB2A0D0D8C00901BAD /* EndPoint.swift */ = {isa = PBXFileReference; lastKnownFileType = sourcecode.swift; path = EndPoint.swift; sourceTree = "<group>"; };
		03DAC0BD2A0D143C00901BAD /* Request.swift */ = {isa = PBXFileReference; lastKnownFileType = sourcecode.swift; path = Request.swift; sourceTree = "<group>"; };
		03DAC0BF2A0D218F00901BAD /* APICaller.swift */ = {isa = PBXFileReference; lastKnownFileType = sourcecode.swift; path = APICaller.swift; sourceTree = "<group>"; };
		03E42E1E2A0E9F430017B514 /* CustomSpinner.swift */ = {isa = PBXFileReference; lastKnownFileType = sourcecode.swift; path = CustomSpinner.swift; sourceTree = "<group>"; };
		03EDAC042A065F8A007A2E7E /* HomeExerciseViewController.swift */ = {isa = PBXFileReference; lastKnownFileType = sourcecode.swift; path = HomeExerciseViewController.swift; sourceTree = "<group>"; };
		03F0077D2A109E8B00EA1BD4 /* CustomImageButton.swift */ = {isa = PBXFileReference; lastKnownFileType = sourcecode.swift; path = CustomImageButton.swift; sourceTree = "<group>"; };
		03F0077F2A10BBE900EA1BD4 /* CustomSheduleViewController.swift */ = {isa = PBXFileReference; lastKnownFileType = sourcecode.swift; path = CustomSheduleViewController.swift; sourceTree = "<group>"; };
		03F007852A12017900EA1BD4 /* CustomScheduleExerciseTableViewCell.swift */ = {isa = PBXFileReference; lastKnownFileType = sourcecode.swift; path = CustomScheduleExerciseTableViewCell.swift; sourceTree = "<group>"; };
		03FA53342A1834C100FBEFDD /* WorkoutPlanExerciseTableViewCell.swift */ = {isa = PBXFileReference; lastKnownFileType = sourcecode.swift; path = WorkoutPlanExerciseTableViewCell.swift; sourceTree = "<group>"; };
		03FA53362A18B10F00FBEFDD /* NotificationViewController.swift */ = {isa = PBXFileReference; lastKnownFileType = sourcecode.swift; path = NotificationViewController.swift; sourceTree = "<group>"; };
		03FA53392A18DDD700FBEFDD /* JM-press-demo.mp4 */ = {isa = PBXFileReference; lastKnownFileType = file; path = "JM-press-demo.mp4"; sourceTree = "<group>"; };
		03FA533B2A18DDE300FBEFDD /* chest-press-demo.mp4 */ = {isa = PBXFileReference; lastKnownFileType = file; path = "chest-press-demo.mp4"; sourceTree = "<group>"; };
		03FA533D2A18DDEF00FBEFDD /* cable-crossover-demo.mp4 */ = {isa = PBXFileReference; lastKnownFileType = file; path = "cable-crossover-demo.mp4"; sourceTree = "<group>"; };
		03FA53402A190DA900FBEFDD /* UserDetailHeightViewController.swift */ = {isa = PBXFileReference; lastKnownFileType = sourcecode.swift; path = UserDetailHeightViewController.swift; sourceTree = "<group>"; };
/* End PBXFileReference section */

/* Begin PBXFrameworksBuildPhase section */
		03B4961029B4599000389F5C /* Frameworks */ = {
			isa = PBXFrameworksBuildPhase;
			buildActionMask = 2147483647;
			files = (
			);
			runOnlyForDeploymentPostprocessing = 0;
		};
/* End PBXFrameworksBuildPhase section */

/* Begin PBXGroup section */
		03038CE029B47AEA0073169A /* Controllers */ = {
			isa = PBXGroup;
			children = (
				03038CEF29B497090073169A /* Core */,
				03038CEE29B496F60073169A /* Other */,
			);
			path = Controllers;
			sourceTree = "<group>";
		};
		03038CE529B487AE0073169A /* Views */ = {
			isa = PBXGroup;
			children = (
				03038CE629B487C40073169A /* Components */,
			);
			path = Views;
			sourceTree = "<group>";
		};
		03038CE629B487C40073169A /* Components */ = {
			isa = PBXGroup;
			children = (
				03AC074D29B4B5E50042CD08 /* CustomLabel.swift */,
				03038CE729B4880C0073169A /* CustomButton.swift */,
				03AC074F29B4F8530042CD08 /* CustomImageView.swift */,
				0329B91F29B79C4200F3BB30 /* CustomHorizontalBar.swift */,
				03E42E1E2A0E9F430017B514 /* CustomSpinner.swift */,
				03F0077D2A109E8B00EA1BD4 /* CustomImageButton.swift */,
			);
			path = Components;
			sourceTree = "<group>";
		};
		03038CEB29B48D790073169A /* Resources */ = {
			isa = PBXGroup;
			children = (
				03FA53382A18DD4D00FBEFDD /* Videos */,
				03B4961F29B45A8F00389F5C /* Assets.xcassets */,
				03038CEC29B48DD90073169A /* ColorGuide.swift */,
			);
			path = Resources;
			sourceTree = "<group>";
		};
		03038CEE29B496F60073169A /* Other */ = {
			isa = PBXGroup;
			children = (
				03038CF029B497540073169A /* TabBarViewController.swift */,
			);
			path = Other;
			sourceTree = "<group>";
		};
		03038CEF29B497090073169A /* Core */ = {
			isa = PBXGroup;
			children = (
				03F007822A12006000EA1BD4 /* Welcome */,
				03FA533F2A190D3C00FBEFDD /* User Detail Capture */,
				03F007812A10BC1300EA1BD4 /* Home */,
				03F007832A12007600EA1BD4 /* Exercise Detail */,
				035BF62A2A15127900F9E553 /* Search */,
				035BF6292A15125E00F9E553 /* Notification */,
				035BF6282A15120B00F9E553 /* Workout Plan */,
				03F007842A12009D00EA1BD4 /* Custom Shedule */,
			);
			path = Core;
			sourceTree = "<group>";
		};
		03038CF329B499300073169A /* Models */ = {
			isa = PBXGroup;
			children = (
				03DAC0B92A0CFF1200901BAD /* Exercise.swift */,
				035BF6262A147BF400F9E553 /* Response.swift */,
			);
			path = Models;
			sourceTree = "<group>";
		};
		03038CF429B499ED0073169A /* Manifest */ = {
			isa = PBXGroup;
			children = (
				03B4961629B4599400389F5C /* AppDelegate.swift */,
				03B4961829B4599500389F5C /* SceneDelegate.swift */,
			);
			path = Manifest;
			sourceTree = "<group>";
		};
		03038CF529B49A840073169A /* Extensions */ = {
			isa = PBXGroup;
			children = (
				03038CE929B48A260073169A /* UIColor +Extensions.swift */,
				03AC075129B4F9510042CD08 /* UIView +Extension.swift */,
				0329B91D29B78F9E00F3BB30 /* UILabel +Extension.swift */,
			);
			path = Extensions;
			sourceTree = "<group>";
		};
		03038CF629B49B250073169A /* APIClient */ = {
			isa = PBXGroup;
			children = (
				03DAC0BB2A0D0D8C00901BAD /* EndPoint.swift */,
				03DAC0BD2A0D143C00901BAD /* Request.swift */,
				03DAC0BF2A0D218F00901BAD /* APICaller.swift */,
			);
			path = APIClient;
			sourceTree = "<group>";
		};
		035BF6282A15120B00F9E553 /* Workout Plan */ = {
			isa = PBXGroup;
			children = (
				035BF62B2A15132000F9E553 /* WorkoutPlanViewController.swift */,
				03FA53342A1834C100FBEFDD /* WorkoutPlanExerciseTableViewCell.swift */,
			);
			path = "Workout Plan";
			sourceTree = "<group>";
		};
		035BF6292A15125E00F9E553 /* Notification */ = {
			isa = PBXGroup;
			children = (
				03FA53362A18B10F00FBEFDD /* NotificationViewController.swift */,
			);
			path = Notification;
			sourceTree = "<group>";
		};
		035BF62A2A15127900F9E553 /* Search */ = {
			isa = PBXGroup;
			children = (
			);
			path = Search;
			sourceTree = "<group>";
		};
		03B4960A29B4598A00389F5C = {
			isa = PBXGroup;
			children = (
				03B4961529B4599100389F5C /* MyFitness */,
				03B4961429B4599100389F5C /* Products */,
			);
			sourceTree = "<group>";
		};
		03B4961429B4599100389F5C /* Products */ = {
			isa = PBXGroup;
			children = (
				03B4961329B4599100389F5C /* MyFitness.app */,
			);
			name = Products;
			sourceTree = "<group>";
		};
		03B4961529B4599100389F5C /* MyFitness */ = {
			isa = PBXGroup;
			children = (
				03038CF429B499ED0073169A /* Manifest */,
				03038CEB29B48D790073169A /* Resources */,
				03038CF629B49B250073169A /* APIClient */,
				03BD65142A1D2E8400B14DA5 /* Managers */,
				03038CF329B499300073169A /* Models */,
				03038CE529B487AE0073169A /* Views */,
				03038CE029B47AEA0073169A /* Controllers */,
				03B4962129B45A8F00389F5C /* LaunchScreen.storyboard */,
				03B4962429B45A8F00389F5C /* Info.plist */,
			);
			path = MyFitness;
			sourceTree = "<group>";
		};
		03BD65142A1D2E8400B14DA5 /* Managers */ = {
			isa = PBXGroup;
			children = (
				03038CF529B49A840073169A /* Extensions */,
				03BD65152A1D2ED300B14DA5 /* AuthManager.swift */,
			);
			path = Managers;
			sourceTree = "<group>";
		};
		03F007812A10BC1300EA1BD4 /* Home */ = {
			isa = PBXGroup;
			children = (
				03EDAC042A065F8A007A2E7E /* HomeExerciseViewController.swift */,
				03D713892A0937EB00DA9764 /* ExerciseListCollectionViewCell.swift */,
				030E1CB62A0B998F0065A312 /* HomeWorkoutPlanCollectionViewCell.swift */,
			);
			path = Home;
			sourceTree = "<group>";
		};
		03F007822A12006000EA1BD4 /* Welcome */ = {
			isa = PBXGroup;
			children = (
				03038CE329B47B4F0073169A /* WelcomeViewController.swift */,
			);
			path = Welcome;
			sourceTree = "<group>";
		};
		03F007832A12007600EA1BD4 /* Exercise Detail */ = {
			isa = PBXGroup;
			children = (
				03AC075329B5125B0042CD08 /* ExerciseDetailViewController.swift */,
				0329B92329B84F1000F3BB30 /* TargetMuscleCollectionViewCell.swift */,
			);
			path = "Exercise Detail";
			sourceTree = "<group>";
		};
		03F007842A12009D00EA1BD4 /* Custom Shedule */ = {
			isa = PBXGroup;
			children = (
				03F0077F2A10BBE900EA1BD4 /* CustomSheduleViewController.swift */,
				03F007852A12017900EA1BD4 /* CustomScheduleExerciseTableViewCell.swift */,
			);
			path = "Custom Shedule";
			sourceTree = "<group>";
		};
		03FA53382A18DD4D00FBEFDD /* Videos */ = {
			isa = PBXGroup;
			children = (
				03FA533D2A18DDEF00FBEFDD /* cable-crossover-demo.mp4 */,
				03FA533B2A18DDE300FBEFDD /* chest-press-demo.mp4 */,
				03FA53392A18DDD700FBEFDD /* JM-press-demo.mp4 */,
				032CED492A173CE4004C73A3 /* push-ups-demo.mp4 */,
			);
			path = Videos;
			sourceTree = "<group>";
		};
		03FA533F2A190D3C00FBEFDD /* User Detail Capture */ = {
			isa = PBXGroup;
			children = (
				03CD5A502A19EDE500769F1F /* UserDetailGenderViewController.swift */,
				03FA53402A190DA900FBEFDD /* UserDetailHeightViewController.swift */,
				03CD5A4C2A19D38500769F1F /* UserDetailWeightViewController.swift */,
				03CD5A4E2A19DD5200769F1F /* UserDetailFitnessGoalViewController.swift */,
				03BD65172A1E34E500B14DA5 /* UserDetailDifficultyLevelViewController.swift */,
			);
			path = "User Detail Capture";
			sourceTree = "<group>";
		};
/* End PBXGroup section */

/* Begin PBXNativeTarget section */
		03B4961229B4599000389F5C /* MyFitness */ = {
			isa = PBXNativeTarget;
			buildConfigurationList = 03B4962729B45A9000389F5C /* Build configuration list for PBXNativeTarget "MyFitness" */;
			buildPhases = (
				03B4960F29B4599000389F5C /* Sources */,
				03B4961029B4599000389F5C /* Frameworks */,
				03B4961129B4599000389F5C /* Resources */,
			);
			buildRules = (
			);
			dependencies = (
			);
			name = MyFitness;
			productName = MyFitness;
			productReference = 03B4961329B4599100389F5C /* MyFitness.app */;
			productType = "com.apple.product-type.application";
		};
/* End PBXNativeTarget section */

/* Begin PBXProject section */
		03B4960B29B4598C00389F5C /* Project object */ = {
			isa = PBXProject;
			attributes = {
				BuildIndependentTargetsInParallel = 1;
				LastSwiftUpdateCheck = 1410;
				LastUpgradeCheck = 1410;
				TargetAttributes = {
					03B4961229B4599000389F5C = {
						CreatedOnToolsVersion = 14.1;
					};
				};
			};
			buildConfigurationList = 03B4960E29B4598C00389F5C /* Build configuration list for PBXProject "MyFitness" */;
			compatibilityVersion = "Xcode 14.0";
			developmentRegion = en;
			hasScannedForEncodings = 0;
			knownRegions = (
				en,
				Base,
			);
			mainGroup = 03B4960A29B4598A00389F5C;
			productRefGroup = 03B4961429B4599100389F5C /* Products */;
			projectDirPath = "";
			projectRoot = "";
			targets = (
				03B4961229B4599000389F5C /* MyFitness */,
			);
		};
/* End PBXProject section */

/* Begin PBXResourcesBuildPhase section */
		03B4961129B4599000389F5C /* Resources */ = {
			isa = PBXResourcesBuildPhase;
			buildActionMask = 2147483647;
			files = (
				032CED4A2A173CE5004C73A3 /* push-ups-demo.mp4 in Resources */,
				03B4962329B45A8F00389F5C /* LaunchScreen.storyboard in Resources */,
				03FA533C2A18DDE300FBEFDD /* chest-press-demo.mp4 in Resources */,
				03B4962029B45A8F00389F5C /* Assets.xcassets in Resources */,
				03FA533A2A18DDD700FBEFDD /* JM-press-demo.mp4 in Resources */,
				03FA533E2A18DDF000FBEFDD /* cable-crossover-demo.mp4 in Resources */,
			);
			runOnlyForDeploymentPostprocessing = 0;
		};
/* End PBXResourcesBuildPhase section */

/* Begin PBXSourcesBuildPhase section */
		03B4960F29B4599000389F5C /* Sources */ = {
			isa = PBXSourcesBuildPhase;
			buildActionMask = 2147483647;
			files = (
				03038CED29B48DD90073169A /* ColorGuide.swift in Sources */,
				03DAC0BC2A0D0D8C00901BAD /* EndPoint.swift in Sources */,
				03D7138A2A0937EB00DA9764 /* ExerciseListCollectionViewCell.swift in Sources */,
				03FA53412A190DAA00FBEFDD /* UserDetailHeightViewController.swift in Sources */,
				03F0077E2A109E8B00EA1BD4 /* CustomImageButton.swift in Sources */,
				03BD65182A1E34E600B14DA5 /* UserDetailDifficultyLevelViewController.swift in Sources */,
				03DAC0BE2A0D143C00901BAD /* Request.swift in Sources */,
				03EDAC052A065F8B007A2E7E /* HomeExerciseViewController.swift in Sources */,
				03AC074E29B4B5E50042CD08 /* CustomLabel.swift in Sources */,
				035BF62C2A15132000F9E553 /* WorkoutPlanViewController.swift in Sources */,
				03038CE429B47B4F0073169A /* WelcomeViewController.swift in Sources */,
				03FA53352A1834C100FBEFDD /* WorkoutPlanExerciseTableViewCell.swift in Sources */,
				03BD65162A1D2ED300B14DA5 /* AuthManager.swift in Sources */,
				03038CE829B4880C0073169A /* CustomButton.swift in Sources */,
				0329B92029B79C4200F3BB30 /* CustomHorizontalBar.swift in Sources */,
				03CD5A512A19EDE500769F1F /* UserDetailGenderViewController.swift in Sources */,
				03038CF129B497540073169A /* TabBarViewController.swift in Sources */,
				03DAC0BA2A0CFF1200901BAD /* Exercise.swift in Sources */,
				03F007862A12017900EA1BD4 /* CustomScheduleExerciseTableViewCell.swift in Sources */,
				03B4961729B4599400389F5C /* AppDelegate.swift in Sources */,
				03B4961929B4599500389F5C /* SceneDelegate.swift in Sources */,
				0329B92429B84F1000F3BB30 /* TargetMuscleCollectionViewCell.swift in Sources */,
				03AC075229B4F9510042CD08 /* UIView +Extension.swift in Sources */,
				03FA53372A18B10F00FBEFDD /* NotificationViewController.swift in Sources */,
				03038CEA29B48A260073169A /* UIColor +Extensions.swift in Sources */,
				035BF6272A147BF400F9E553 /* Response.swift in Sources */,
				03CD5A4D2A19D38600769F1F /* UserDetailWeightViewController.swift in Sources */,
				03CD5A4F2A19DD5200769F1F /* UserDetailFitnessGoalViewController.swift in Sources */,
				030E1CB72A0B998F0065A312 /* HomeWorkoutPlanCollectionViewCell.swift in Sources */,
				0329B91E29B78F9E00F3BB30 /* UILabel +Extension.swift in Sources */,
				03DAC0C02A0D218F00901BAD /* APICaller.swift in Sources */,
				03AC075029B4F8530042CD08 /* CustomImageView.swift in Sources */,
				03AC075429B5125B0042CD08 /* ExerciseDetailViewController.swift in Sources */,
				03E42E1F2A0E9F430017B514 /* CustomSpinner.swift in Sources */,
				03F007802A10BBE900EA1BD4 /* CustomSheduleViewController.swift in Sources */,
			);
			runOnlyForDeploymentPostprocessing = 0;
		};
/* End PBXSourcesBuildPhase section */

/* Begin PBXVariantGroup section */
		03B4962129B45A8F00389F5C /* LaunchScreen.storyboard */ = {
			isa = PBXVariantGroup;
			children = (
				03B4962229B45A8F00389F5C /* Base */,
			);
			name = LaunchScreen.storyboard;
			sourceTree = "<group>";
		};
/* End PBXVariantGroup section */

/* Begin XCBuildConfiguration section */
		03B4962529B45A8F00389F5C /* Debug */ = {
			isa = XCBuildConfiguration;
			buildSettings = {
				ALWAYS_SEARCH_USER_PATHS = NO;
				CLANG_ANALYZER_NONNULL = YES;
				CLANG_ANALYZER_NUMBER_OBJECT_CONVERSION = YES_AGGRESSIVE;
				CLANG_CXX_LANGUAGE_STANDARD = "gnu++20";
				CLANG_ENABLE_MODULES = YES;
				CLANG_ENABLE_OBJC_ARC = YES;
				CLANG_ENABLE_OBJC_WEAK = YES;
				CLANG_WARN_BLOCK_CAPTURE_AUTORELEASING = YES;
				CLANG_WARN_BOOL_CONVERSION = YES;
				CLANG_WARN_COMMA = YES;
				CLANG_WARN_CONSTANT_CONVERSION = YES;
				CLANG_WARN_DEPRECATED_OBJC_IMPLEMENTATIONS = YES;
				CLANG_WARN_DIRECT_OBJC_ISA_USAGE = YES_ERROR;
				CLANG_WARN_DOCUMENTATION_COMMENTS = YES;
				CLANG_WARN_EMPTY_BODY = YES;
				CLANG_WARN_ENUM_CONVERSION = YES;
				CLANG_WARN_INFINITE_RECURSION = YES;
				CLANG_WARN_INT_CONVERSION = YES;
				CLANG_WARN_NON_LITERAL_NULL_CONVERSION = YES;
				CLANG_WARN_OBJC_IMPLICIT_RETAIN_SELF = YES;
				CLANG_WARN_OBJC_LITERAL_CONVERSION = YES;
				CLANG_WARN_OBJC_ROOT_CLASS = YES_ERROR;
				CLANG_WARN_QUOTED_INCLUDE_IN_FRAMEWORK_HEADER = YES;
				CLANG_WARN_RANGE_LOOP_ANALYSIS = YES;
				CLANG_WARN_STRICT_PROTOTYPES = YES;
				CLANG_WARN_SUSPICIOUS_MOVE = YES;
				CLANG_WARN_UNGUARDED_AVAILABILITY = YES_AGGRESSIVE;
				CLANG_WARN_UNREACHABLE_CODE = YES;
				CLANG_WARN__DUPLICATE_METHOD_MATCH = YES;
				COPY_PHASE_STRIP = NO;
				DEBUG_INFORMATION_FORMAT = dwarf;
				ENABLE_STRICT_OBJC_MSGSEND = YES;
				ENABLE_TESTABILITY = YES;
				GCC_C_LANGUAGE_STANDARD = gnu11;
				GCC_DYNAMIC_NO_PIC = NO;
				GCC_NO_COMMON_BLOCKS = YES;
				GCC_OPTIMIZATION_LEVEL = 0;
				GCC_PREPROCESSOR_DEFINITIONS = (
					"DEBUG=1",
					"$(inherited)",
				);
				GCC_WARN_64_TO_32_BIT_CONVERSION = YES;
				GCC_WARN_ABOUT_RETURN_TYPE = YES_ERROR;
				GCC_WARN_UNDECLARED_SELECTOR = YES;
				GCC_WARN_UNINITIALIZED_AUTOS = YES_AGGRESSIVE;
				GCC_WARN_UNUSED_FUNCTION = YES;
				GCC_WARN_UNUSED_VARIABLE = YES;
				IPHONEOS_DEPLOYMENT_TARGET = 16.1;
				MTL_ENABLE_DEBUG_INFO = INCLUDE_SOURCE;
				MTL_FAST_MATH = YES;
				ONLY_ACTIVE_ARCH = YES;
				SDKROOT = iphoneos;
				SWIFT_ACTIVE_COMPILATION_CONDITIONS = DEBUG;
				SWIFT_OPTIMIZATION_LEVEL = "-Onone";
			};
			name = Debug;
		};
		03B4962629B45A8F00389F5C /* Release */ = {
			isa = XCBuildConfiguration;
			buildSettings = {
				ALWAYS_SEARCH_USER_PATHS = NO;
				CLANG_ANALYZER_NONNULL = YES;
				CLANG_ANALYZER_NUMBER_OBJECT_CONVERSION = YES_AGGRESSIVE;
				CLANG_CXX_LANGUAGE_STANDARD = "gnu++20";
				CLANG_ENABLE_MODULES = YES;
				CLANG_ENABLE_OBJC_ARC = YES;
				CLANG_ENABLE_OBJC_WEAK = YES;
				CLANG_WARN_BLOCK_CAPTURE_AUTORELEASING = YES;
				CLANG_WARN_BOOL_CONVERSION = YES;
				CLANG_WARN_COMMA = YES;
				CLANG_WARN_CONSTANT_CONVERSION = YES;
				CLANG_WARN_DEPRECATED_OBJC_IMPLEMENTATIONS = YES;
				CLANG_WARN_DIRECT_OBJC_ISA_USAGE = YES_ERROR;
				CLANG_WARN_DOCUMENTATION_COMMENTS = YES;
				CLANG_WARN_EMPTY_BODY = YES;
				CLANG_WARN_ENUM_CONVERSION = YES;
				CLANG_WARN_INFINITE_RECURSION = YES;
				CLANG_WARN_INT_CONVERSION = YES;
				CLANG_WARN_NON_LITERAL_NULL_CONVERSION = YES;
				CLANG_WARN_OBJC_IMPLICIT_RETAIN_SELF = YES;
				CLANG_WARN_OBJC_LITERAL_CONVERSION = YES;
				CLANG_WARN_OBJC_ROOT_CLASS = YES_ERROR;
				CLANG_WARN_QUOTED_INCLUDE_IN_FRAMEWORK_HEADER = YES;
				CLANG_WARN_RANGE_LOOP_ANALYSIS = YES;
				CLANG_WARN_STRICT_PROTOTYPES = YES;
				CLANG_WARN_SUSPICIOUS_MOVE = YES;
				CLANG_WARN_UNGUARDED_AVAILABILITY = YES_AGGRESSIVE;
				CLANG_WARN_UNREACHABLE_CODE = YES;
				CLANG_WARN__DUPLICATE_METHOD_MATCH = YES;
				COPY_PHASE_STRIP = NO;
				DEBUG_INFORMATION_FORMAT = "dwarf-with-dsym";
				ENABLE_NS_ASSERTIONS = NO;
				ENABLE_STRICT_OBJC_MSGSEND = YES;
				GCC_C_LANGUAGE_STANDARD = gnu11;
				GCC_NO_COMMON_BLOCKS = YES;
				GCC_WARN_64_TO_32_BIT_CONVERSION = YES;
				GCC_WARN_ABOUT_RETURN_TYPE = YES_ERROR;
				GCC_WARN_UNDECLARED_SELECTOR = YES;
				GCC_WARN_UNINITIALIZED_AUTOS = YES_AGGRESSIVE;
				GCC_WARN_UNUSED_FUNCTION = YES;
				GCC_WARN_UNUSED_VARIABLE = YES;
				IPHONEOS_DEPLOYMENT_TARGET = 16.1;
				MTL_ENABLE_DEBUG_INFO = NO;
				MTL_FAST_MATH = YES;
				SDKROOT = iphoneos;
				SWIFT_COMPILATION_MODE = wholemodule;
				SWIFT_OPTIMIZATION_LEVEL = "-O";
				VALIDATE_PRODUCT = YES;
			};
			name = Release;
		};
		03B4962829B45A9000389F5C /* Debug */ = {
			isa = XCBuildConfiguration;
			buildSettings = {
				ASSETCATALOG_COMPILER_APPICON_NAME = AppIcon;
				ASSETCATALOG_COMPILER_GLOBAL_ACCENT_COLOR_NAME = AccentColor;
				CODE_SIGN_STYLE = Automatic;
				CURRENT_PROJECT_VERSION = 1;
				GENERATE_INFOPLIST_FILE = YES;
				INFOPLIST_FILE = MyFitness/Info.plist;
				INFOPLIST_KEY_UIApplicationSupportsIndirectInputEvents = YES;
				INFOPLIST_KEY_UILaunchStoryboardName = LaunchScreen;
				INFOPLIST_KEY_UISupportedInterfaceOrientations_iPad = "UIInterfaceOrientationPortrait UIInterfaceOrientationPortraitUpsideDown UIInterfaceOrientationLandscapeLeft UIInterfaceOrientationLandscapeRight";
				INFOPLIST_KEY_UISupportedInterfaceOrientations_iPhone = "UIInterfaceOrientationPortrait UIInterfaceOrientationLandscapeLeft UIInterfaceOrientationLandscapeRight";
				LD_RUNPATH_SEARCH_PATHS = (
					"$(inherited)",
					"@executable_path/Frameworks",
				);
				MARKETING_VERSION = 1.0;
				PRODUCT_BUNDLE_IDENTIFIER = nibm.MyFitness;
				PRODUCT_NAME = "$(TARGET_NAME)";
				SWIFT_EMIT_LOC_STRINGS = YES;
				SWIFT_VERSION = 5.0;
				TARGETED_DEVICE_FAMILY = "1,2";
			};
			name = Debug;
		};
		03B4962929B45A9000389F5C /* Release */ = {
			isa = XCBuildConfiguration;
			buildSettings = {
				ASSETCATALOG_COMPILER_APPICON_NAME = AppIcon;
				ASSETCATALOG_COMPILER_GLOBAL_ACCENT_COLOR_NAME = AccentColor;
				CODE_SIGN_STYLE = Automatic;
				CURRENT_PROJECT_VERSION = 1;
				GENERATE_INFOPLIST_FILE = YES;
				INFOPLIST_FILE = MyFitness/Info.plist;
				INFOPLIST_KEY_UIApplicationSupportsIndirectInputEvents = YES;
				INFOPLIST_KEY_UILaunchStoryboardName = LaunchScreen;
				INFOPLIST_KEY_UISupportedInterfaceOrientations_iPad = "UIInterfaceOrientationPortrait UIInterfaceOrientationPortraitUpsideDown UIInterfaceOrientationLandscapeLeft UIInterfaceOrientationLandscapeRight";
				INFOPLIST_KEY_UISupportedInterfaceOrientations_iPhone = "UIInterfaceOrientationPortrait UIInterfaceOrientationLandscapeLeft UIInterfaceOrientationLandscapeRight";
				LD_RUNPATH_SEARCH_PATHS = (
					"$(inherited)",
					"@executable_path/Frameworks",
				);
				MARKETING_VERSION = 1.0;
				PRODUCT_BUNDLE_IDENTIFIER = nibm.MyFitness;
				PRODUCT_NAME = "$(TARGET_NAME)";
				SWIFT_EMIT_LOC_STRINGS = YES;
				SWIFT_VERSION = 5.0;
				TARGETED_DEVICE_FAMILY = "1,2";
			};
			name = Release;
		};
/* End XCBuildConfiguration section */

/* Begin XCConfigurationList section */
		03B4960E29B4598C00389F5C /* Build configuration list for PBXProject "MyFitness" */ = {
			isa = XCConfigurationList;
			buildConfigurations = (
				03B4962529B45A8F00389F5C /* Debug */,
				03B4962629B45A8F00389F5C /* Release */,
			);
			defaultConfigurationIsVisible = 0;
			defaultConfigurationName = Release;
		};
		03B4962729B45A9000389F5C /* Build configuration list for PBXNativeTarget "MyFitness" */ = {
			isa = XCConfigurationList;
			buildConfigurations = (
				03B4962829B45A9000389F5C /* Debug */,
				03B4962929B45A9000389F5C /* Release */,
			);
			defaultConfigurationIsVisible = 0;
			defaultConfigurationName = Release;
		};
/* End XCConfigurationList section */
	};
	rootObject = 03B4960B29B4598C00389F5C /* Project object */;
}
